
Microsoft Visual Studio Solution File, Format Version 12.00
# Visual Studio 15
VisualStudioVersion = 15.0.27004.2006
MinimumVisualStudioVersion = 10.0.40219.1
Project("{FAE04EC0-301F-11D3-BF4B-00C04F79EFBC}") = "BotGame", "BotGame\BotGame.csproj", "{E71550B6-05A8-42B7-8B6B-61EB609ED253}"
EndProject
Global
	GlobalSection(SolutionConfigurationPlatforms) = preSolution
		Debug|Any CPU = Debug|Any CPU
		Release|Any CPU = Release|Any CPU
	EndGlobalSection
	GlobalSection(ProjectConfigurationPlatforms) = postSolution
		{E71550B6-05A8-42B7-8B6B-61EB609ED253}.Debug|Any CPU.ActiveCfg = Debug|Any CPU
		{E71550B6-05A8-42B7-8B6B-61EB609ED253}.Debug|Any CPU.Build.0 = Debug|Any CPU
		{E71550B6-05A8-42B7-8B6B-61EB609ED253}.Release|Any CPU.ActiveCfg = Release|Any CPU
		{E71550B6-05A8-42B7-8B6B-61EB609ED253}.Release|Any CPU.Build.0 = Release|Any CPU
	EndGlobalSection
	GlobalSection(SolutionProperties) = preSolution
		HideSolutionNode = FALSE
	EndGlobalSection
	GlobalSection(ExtensibilityGlobals) = postSolution
		SolutionGuid = {71C64780-A9AD-4155-BCF5-255C23948C81}
	EndGlobalSection
EndGlobal
